
Microsoft Visual Studio Solution File, Format Version 12.00
# Visual Studio 15
VisualStudioVersion = 15.0.28010.2050
MinimumVisualStudioVersion = 10.0.40219.1
Project("{F14B399A-7131-4C87-9E4B-1186C45EF12D}") = "Chapter 09 SSRS", "Chapter 09 SSRS\Chapter 09 SSRS.rptproj", "{20E997DE-4422-4FC7-BD65-DDD20BE93BA6}"
EndProject
Global
	GlobalSection(SolutionConfigurationPlatforms) = preSolution
		Debug|Default = Debug|Default
		DebugLocal|Default = DebugLocal|Default
		Release|Default = Release|Default
	EndGlobalSection
	GlobalSection(ProjectConfigurationPlatforms) = postSolution
		{20E997DE-4422-4FC7-BD65-DDD20BE93BA6}.Debug|Default.ActiveCfg = Debug
		{20E997DE-4422-4FC7-BD65-DDD20BE93BA6}.Debug|Default.Build.0 = Debug
		{20E997DE-4422-4FC7-BD65-DDD20BE93BA6}.Debug|Default.Deploy.0 = Debug
		{20E997DE-4422-4FC7-BD65-DDD20BE93BA6}.DebugLocal|Default.ActiveCfg = DebugLocal
		{20E997DE-4422-4FC7-BD65-DDD20BE93BA6}.DebugLocal|Default.Build.0 = DebugLocal
		{20E997DE-4422-4FC7-BD65-DDD20BE93BA6}.Release|Default.ActiveCfg = Release
		{20E997DE-4422-4FC7-BD65-DDD20BE93BA6}.Release|Default.Build.0 = Release
		{20E997DE-4422-4FC7-BD65-DDD20BE93BA6}.Release|Default.Deploy.0 = Release
	EndGlobalSection
	GlobalSection(SolutionProperties) = preSolution
		HideSolutionNode = FALSE
	EndGlobalSection
	GlobalSection(ExtensibilityGlobals) = postSolution
		SolutionGuid = {DC9E61D5-BEC4-4932-866C-F3D052FEF507}
	EndGlobalSection
EndGlobal
